{
  "name": "@sahilgupta28/npm-guard-cli",
  "version": "1.0.10",
  "lockfileVersion": 3,
  "requires": true,
  "packages": {
    "": {
      "name": "@sahilgupta28/npm-guard-cli",
      "version": "1.0.10",
      "hasInstallScript": true,
      "license": "MIT",
      "bin": {
        "npm-guard": "bin/npm-guard.js"
      },
      "engines": {
        "node": ">=18"
      }
    }
  }
}
